
Microsoft Visual Studio Solution File, Format Version 12.00
Project("{FAE04EC0-301F-11D3-BF4B-00C04F79EFBC}") = "Brainy.Framework.Testtool", "Brainy.Framework.Testtool\Brainy.Framework.Testtool.csproj", "{A125F58C-A6BA-45F7-A522-44D0C2190934}"
EndProject
Project("{FAE04EC0-301F-11D3-BF4B-00C04F79EFBC}") = "Brainy.Framework.Contract", "Brainy.Framework.Contract\Brainy.Framework.Contract.csproj", "{83CF96F9-EEDF-4C95-8BF4-7221123EA3A5}"
EndProject
Project("{FAE04EC0-301F-11D3-BF4B-00C04F79EFBC}") = "Brainy.Framework", "Brainy.Framework\Brainy.Framework.csproj", "{D6D32349-E8E4-4148-9F7D-288FA22A9927}"
EndProject
Global
	GlobalSection(SolutionConfigurationPlatforms) = preSolution
		Debug|Any CPU = Debug|Any CPU
		Release|Any CPU = Release|Any CPU
	EndGlobalSection
	GlobalSection(ProjectConfigurationPlatforms) = postSolution
		{A125F58C-A6BA-45F7-A522-44D0C2190934}.Debug|Any CPU.ActiveCfg = Debug|Any CPU
		{A125F58C-A6BA-45F7-A522-44D0C2190934}.Debug|Any CPU.Build.0 = Debug|Any CPU
		{A125F58C-A6BA-45F7-A522-44D0C2190934}.Release|Any CPU.ActiveCfg = Release|Any CPU
		{A125F58C-A6BA-45F7-A522-44D0C2190934}.Release|Any CPU.Build.0 = Release|Any CPU
		{83CF96F9-EEDF-4C95-8BF4-7221123EA3A5}.Debug|Any CPU.ActiveCfg = Debug|Any CPU
		{83CF96F9-EEDF-4C95-8BF4-7221123EA3A5}.Debug|Any CPU.Build.0 = Debug|Any CPU
		{83CF96F9-EEDF-4C95-8BF4-7221123EA3A5}.Release|Any CPU.ActiveCfg = Release|Any CPU
		{83CF96F9-EEDF-4C95-8BF4-7221123EA3A5}.Release|Any CPU.Build.0 = Release|Any CPU
		{D6D32349-E8E4-4148-9F7D-288FA22A9927}.Debug|Any CPU.ActiveCfg = Debug|Any CPU
		{D6D32349-E8E4-4148-9F7D-288FA22A9927}.Debug|Any CPU.Build.0 = Debug|Any CPU
		{D6D32349-E8E4-4148-9F7D-288FA22A9927}.Release|Any CPU.ActiveCfg = Release|Any CPU
		{D6D32349-E8E4-4148-9F7D-288FA22A9927}.Release|Any CPU.Build.0 = Release|Any CPU
	EndGlobalSection
EndGlobal
